
Microsoft Visual Studio Solution File, Format Version 12.00
# Visual Studio 14
VisualStudioVersion = 14.0.23107.0
MinimumVisualStudioVersion = 10.0.40219.1
Project("{FAE04EC0-301F-11D3-BF4B-00C04F79EFBC}") = "FluentSpecification", "FluentSpecification\FluentSpecification.csproj", "{483CFE02-FC33-47D3-BBD2-D89E5BBDDF03}"
EndProject
Project("{FAE04EC0-301F-11D3-BF4B-00C04F79EFBC}") = "FluentSpecification.Samples", "FluentSpecification.Samples\FluentSpecification.Samples.csproj", "{8E9D5337-4557-4272-BD41-3A46FAE0F17A}"
EndProject
Global
	GlobalSection(SolutionConfigurationPlatforms) = preSolution
		Debug|Any CPU = Debug|Any CPU
		Release|Any CPU = Release|Any CPU
	EndGlobalSection
	GlobalSection(ProjectConfigurationPlatforms) = postSolution
		{483CFE02-FC33-47D3-BBD2-D89E5BBDDF03}.Debug|Any CPU.ActiveCfg = Debug|Any CPU
		{483CFE02-FC33-47D3-BBD2-D89E5BBDDF03}.Debug|Any CPU.Build.0 = Debug|Any CPU
		{483CFE02-FC33-47D3-BBD2-D89E5BBDDF03}.Release|Any CPU.ActiveCfg = Release|Any CPU
		{483CFE02-FC33-47D3-BBD2-D89E5BBDDF03}.Release|Any CPU.Build.0 = Release|Any CPU
		{8E9D5337-4557-4272-BD41-3A46FAE0F17A}.Debug|Any CPU.ActiveCfg = Debug|Any CPU
		{8E9D5337-4557-4272-BD41-3A46FAE0F17A}.Debug|Any CPU.Build.0 = Debug|Any CPU
		{8E9D5337-4557-4272-BD41-3A46FAE0F17A}.Release|Any CPU.ActiveCfg = Release|Any CPU
		{8E9D5337-4557-4272-BD41-3A46FAE0F17A}.Release|Any CPU.Build.0 = Release|Any CPU
	EndGlobalSection
	GlobalSection(SolutionProperties) = preSolution
		HideSolutionNode = FALSE
	EndGlobalSection
EndGlobal
